# This file is autogenerated, do not edit; changes may be undone by the next 'dep ensure'.


[[projects]]
  branch = "master"
  name = "github.com/gin-contrib/sse"
  packages = ["."]
  revision = "22d885f9ecc78bf4ee5d72b937e4bbcdc58e8cae"

[[projects]]
  name = "github.com/gin-gonic/gin"
  packages = [".","binding","render"]
  revision = "d459835d2b077e44f7c9b453505ee29881d5d12d"
  version = "v1.2"

[[projects]]
  branch = "master"
  name = "github.com/golang/protobuf"
  packages = ["proto"]
  revision = "1e59b77b52bf8e4b449a57e6f79f21226d571845"

[[projects]]
  name = "github.com/jtblin/go-ldap-client"
  packages = ["."]
  revision = "ad9f2ea47a83452873c01f1dc6960aedb9ff7e0e"
  version = "0.0.3"

[[projects]]
  name = "github.com/mattn/go-isatty"
  packages = ["."]
  revision = "0360b2af4f38e8d38c7fce2a9f4e702702d73a39"
  version = "v0.0.3"

[[projects]]
  branch = "master"
  name = "github.com/ugorji/go"
  packages = ["codec"]
  revision = "ccfe18359b55b97855cee1d3f74e5efbda4869dc"

[[projects]]
  branch = "master"
  name = "golang.org/x/sys"
  packages = ["unix"]
  revision = "83801418e1b59fb1880e363299581ee543af32ca"

[[projects]]
  name = "gopkg.in/asn1-ber.v1"
  packages = ["."]
  revision = "379148ca0225df7a432012b8df0355c2a2063ac0"
  version = "v1.2"

[[projects]]
  name = "gopkg.in/go-playground/validator.v8"
  packages = ["."]
  revision = "5f1438d3fca68893a817e4a66806cea46a9e4ebf"
  version = "v8.18.2"

[[projects]]
  name = "gopkg.in/ldap.v2"
  packages = ["."]
  revision = "bb7a9ca6e4fbc2129e3db588a34bc970ffe811a9"
  version = "v2.5.1"

[[projects]]
  branch = "v2"
  name = "gopkg.in/yaml.v2"
  packages = ["."]
  revision = "c95af922eae69f190717a0b7148960af8c55a072"

[solve-meta]
  analyzer-name = "dep"
  analyzer-version = 1
  inputs-digest = "8eb4c216775d43fed15e794601f5631d9b5c7280cabc1df080c2ada0b8be0ffb"
  solver-name = "gps-cdcl"
  solver-version = 1
